// !$*UTF8*$!
{
	archiveVersion = 1;
	classes = {
	};
	objectVersion = 55;
	objects = {

/* Begin PBXBuildFile section */
		4F0609992847DFB9007C2DAE /* MemorizeApp.swift in Sources */ = {isa = PBXBuildFile; fileRef = 4F0609982847DFB9007C2DAE /* MemorizeApp.swift */; };
		4F06099B2847DFB9007C2DAE /* EmojiMemoryGameView.swift in Sources */ = {isa = PBXBuildFile; fileRef = 4F06099A2847DFB9007C2DAE /* EmojiMemoryGameView.swift */; };
		4F06099D2847DFBA007C2DAE /* Assets.xcassets in Resources */ = {isa = PBXBuildFile; fileRef = 4F06099C2847DFBA007C2DAE /* Assets.xcassets */; };
		4F0609A02847DFBA007C2DAE /* Preview Assets.xcassets in Resources */ = {isa = PBXBuildFile; fileRef = 4F06099F2847DFBA007C2DAE /* Preview Assets.xcassets */; };
		4F30C4E2284FB474005FF2E3 /* MemoryGame.swift in Sources */ = {isa = PBXBuildFile; fileRef = 4F30C4E1284FB474005FF2E3 /* MemoryGame.swift */; };
		4F30C4E4284FB6B0005FF2E3 /* EmojiMemoryGame.swift in Sources */ = {isa = PBXBuildFile; fileRef = 4F30C4E3284FB6B0005FF2E3 /* EmojiMemoryGame.swift */; };
		4F6DF0462857872600EE027E /* Theme.swift in Sources */ = {isa = PBXBuildFile; fileRef = 4F6DF0452857872600EE027E /* Theme.swift */; };
		4FA16668287496B200E9F6BF /* shuffle.mp3 in Resources */ = {isa = PBXBuildFile; fileRef = 4FA16667287496B200E9F6BF /* shuffle.mp3 */; };
		4FA1666A287497E500E9F6BF /* shuffle2.mp3 in Resources */ = {isa = PBXBuildFile; fileRef = 4FA16669287497E500E9F6BF /* shuffle2.mp3 */; };
		4FA1666C28749BB700E9F6BF /* swoosh2.mp3 in Resources */ = {isa = PBXBuildFile; fileRef = 4FA1666B28749BB700E9F6BF /* swoosh2.mp3 */; };
		4FA1666E2874AF6A00E9F6BF /* yayying.mp3 in Resources */ = {isa = PBXBuildFile; fileRef = 4FA1666D2874AF6A00E9F6BF /* yayying.mp3 */; };
		4FA166702874AFFA00E9F6BF /* suck.mp3 in Resources */ = {isa = PBXBuildFile; fileRef = 4FA1666F2874AFFA00E9F6BF /* suck.mp3 */; };
		4FA9EBD928637679006CB28F /* ThemeMenu.swift in Sources */ = {isa = PBXBuildFile; fileRef = 4FA9EBD828637679006CB28F /* ThemeMenu.swift */; };
		4FA9EBDC28638A9F006CB28F /* StringToColor.swift in Sources */ = {isa = PBXBuildFile; fileRef = 4FA9EBDB28638A9F006CB28F /* StringToColor.swift */; };
		4FB2AB32286B58B1005631A3 /* AspectVGrid.swift in Sources */ = {isa = PBXBuildFile; fileRef = 4FB2AB31286B58B1005631A3 /* AspectVGrid.swift */; };
		4FB2AB34286B764A005631A3 /* Pie.swift in Sources */ = {isa = PBXBuildFile; fileRef = 4FB2AB33286B764A005631A3 /* Pie.swift */; };
		4FB2AB36286B80B4005631A3 /* Cardify.swift in Sources */ = {isa = PBXBuildFile; fileRef = 4FB2AB35286B80B4005631A3 /* Cardify.swift */; };
		4FB8415F2864E69300141FC7 /* AudioManager.swift in Sources */ = {isa = PBXBuildFile; fileRef = 4FB8415E2864E69300141FC7 /* AudioManager.swift */; };
		4FB841612864EAA500141FC7 /* fart.mp3 in Resources */ = {isa = PBXBuildFile; fileRef = 4FB841602864EAA500141FC7 /* fart.mp3 */; };
		4FB841632864EAAD00141FC7 /* swoosh.mp3 in Resources */ = {isa = PBXBuildFile; fileRef = 4FB841622864EAAD00141FC7 /* swoosh.mp3 */; };
		4FB841652864EAB300141FC7 /* noice.mp3 in Resources */ = {isa = PBXBuildFile; fileRef = 4FB841642864EAB300141FC7 /* noice.mp3 */; };
		4FC0E502286A191900C635BD /* woosh.mp3 in Resources */ = {isa = PBXBuildFile; fileRef = 4FC0E501286A191900C635BD /* woosh.mp3 */; };
		4FC0E504286A1A3E00C635BD /* tacoBell.mp3 in Resources */ = {isa = PBXBuildFile; fileRef = 4FC0E503286A1A3E00C635BD /* tacoBell.mp3 */; };
		4FC0E506286A1B7D00C635BD /* paperFlip.mp3 in Resources */ = {isa = PBXBuildFile; fileRef = 4FC0E505286A1B7D00C635BD /* paperFlip.mp3 */; };
		4FC0E508286A1C5A00C635BD /* ding.mp3 in Resources */ = {isa = PBXBuildFile; fileRef = 4FC0E507286A1C5A00C635BD /* ding.mp3 */; };
/* End PBXBuildFile section */

/* Begin PBXFileReference section */
		4F0609952847DFB9007C2DAE /* Memorize.app */ = {isa = PBXFileReference; explicitFileType = wrapper.application; includeInIndex = 0; path = Memorize.app; sourceTree = BUILT_PRODUCTS_DIR; };
		4F0609982847DFB9007C2DAE /* MemorizeApp.swift */ = {isa = PBXFileReference; lastKnownFileType = sourcecode.swift; path = MemorizeApp.swift; sourceTree = "<group>"; };
		4F06099A2847DFB9007C2DAE /* EmojiMemoryGameView.swift */ = {isa = PBXFileReference; lastKnownFileType = sourcecode.swift; path = EmojiMemoryGameView.swift; sourceTree = "<group>"; };
		4F06099C2847DFBA007C2DAE /* Assets.xcassets */ = {isa = PBXFileReference; lastKnownFileType = folder.assetcatalog; path = Assets.xcassets; sourceTree = "<group>"; };
		4F06099F2847DFBA007C2DAE /* Preview Assets.xcassets */ = {isa = PBXFileReference; lastKnownFileType = folder.assetcatalog; path = "Preview Assets.xcassets"; sourceTree = "<group>"; };
		4F30C4E1284FB474005FF2E3 /* MemoryGame.swift */ = {isa = PBXFileReference; lastKnownFileType = sourcecode.swift; path = MemoryGame.swift; sourceTree = "<group>"; };
		4F30C4E3284FB6B0005FF2E3 /* EmojiMemoryGame.swift */ = {isa = PBXFileReference; lastKnownFileType = sourcecode.swift; path = EmojiMemoryGame.swift; sourceTree = "<group>"; };
		4F6DF0452857872600EE027E /* Theme.swift */ = {isa = PBXFileReference; lastKnownFileType = sourcecode.swift; path = Theme.swift; sourceTree = "<group>"; };
		4FA16667287496B200E9F6BF /* shuffle.mp3 */ = {isa = PBXFileReference; lastKnownFileType = audio.mp3; path = shuffle.mp3; sourceTree = "<group>"; };
		4FA16669287497E500E9F6BF /* shuffle2.mp3 */ = {isa = PBXFileReference; lastKnownFileType = audio.mp3; path = shuffle2.mp3; sourceTree = "<group>"; };
		4FA1666B28749BB700E9F6BF /* swoosh2.mp3 */ = {isa = PBXFileReference; lastKnownFileType = audio.mp3; path = swoosh2.mp3; sourceTree = "<group>"; };
		4FA1666D2874AF6A00E9F6BF /* yayying.mp3 */ = {isa = PBXFileReference; lastKnownFileType = audio.mp3; path = yayying.mp3; sourceTree = "<group>"; };
		4FA1666F2874AFFA00E9F6BF /* suck.mp3 */ = {isa = PBXFileReference; lastKnownFileType = audio.mp3; path = suck.mp3; sourceTree = "<group>"; };
		4FA9EBD828637679006CB28F /* ThemeMenu.swift */ = {isa = PBXFileReference; lastKnownFileType = sourcecode.swift; path = ThemeMenu.swift; sourceTree = "<group>"; };
		4FA9EBDB28638A9F006CB28F /* StringToColor.swift */ = {isa = PBXFileReference; lastKnownFileType = sourcecode.swift; path = StringToColor.swift; sourceTree = "<group>"; };
		4FB2AB31286B58B1005631A3 /* AspectVGrid.swift */ = {isa = PBXFileReference; lastKnownFileType = sourcecode.swift; path = AspectVGrid.swift; sourceTree = "<group>"; };
		4FB2AB33286B764A005631A3 /* Pie.swift */ = {isa = PBXFileReference; lastKnownFileType = sourcecode.swift; path = Pie.swift; sourceTree = "<group>"; };
		4FB2AB35286B80B4005631A3 /* Cardify.swift */ = {isa = PBXFileReference; lastKnownFileType = sourcecode.swift; path = Cardify.swift; sourceTree = "<group>"; };
		4FB8415E2864E69300141FC7 /* AudioManager.swift */ = {isa = PBXFileReference; lastKnownFileType = sourcecode.swift; path = AudioManager.swift; sourceTree = "<group>"; };
		4FB841602864EAA500141FC7 /* fart.mp3 */ = {isa = PBXFileReference; lastKnownFileType = audio.mp3; path = fart.mp3; sourceTree = "<group>"; };
		4FB841622864EAAD00141FC7 /* swoosh.mp3 */ = {isa = PBXFileReference; lastKnownFileType = audio.mp3; path = swoosh.mp3; sourceTree = "<group>"; };
		4FB841642864EAB300141FC7 /* noice.mp3 */ = {isa = PBXFileReference; lastKnownFileType = audio.mp3; path = noice.mp3; sourceTree = "<group>"; };
		4FC0E501286A191900C635BD /* woosh.mp3 */ = {isa = PBXFileReference; lastKnownFileType = audio.mp3; path = woosh.mp3; sourceTree = "<group>"; };
		4FC0E503286A1A3E00C635BD /* tacoBell.mp3 */ = {isa = PBXFileReference; lastKnownFileType = audio.mp3; path = tacoBell.mp3; sourceTree = "<group>"; };
		4FC0E505286A1B7D00C635BD /* paperFlip.mp3 */ = {isa = PBXFileReference; lastKnownFileType = audio.mp3; path = paperFlip.mp3; sourceTree = "<group>"; };
		4FC0E507286A1C5A00C635BD /* ding.mp3 */ = {isa = PBXFileReference; lastKnownFileType = audio.mp3; path = ding.mp3; sourceTree = "<group>"; };
/* End PBXFileReference section */

/* Begin PBXFrameworksBuildPhase section */
		4F0609922847DFB9007C2DAE /* Frameworks */ = {
			isa = PBXFrameworksBuildPhase;
			buildActionMask = 2147483647;
			files = (
			);
			runOnlyForDeploymentPostprocessing = 0;
		};
/* End PBXFrameworksBuildPhase section */

/* Begin PBXGroup section */
		4F06098C2847DFB8007C2DAE = {
			isa = PBXGroup;
			children = (
				4F0609972847DFB9007C2DAE /* Memorize */,
				4F0609962847DFB9007C2DAE /* Products */,
			);
			sourceTree = "<group>";
		};
		4F0609962847DFB9007C2DAE /* Products */ = {
			isa = PBXGroup;
			children = (
				4F0609952847DFB9007C2DAE /* Memorize.app */,
			);
			name = Products;
			sourceTree = "<group>";
		};
		4F0609972847DFB9007C2DAE /* Memorize */ = {
			isa = PBXGroup;
			children = (
				4FA9EBDA28638A6B006CB28F /* Extensions */,
				4FC22E5128636EB700F6BEF6 /* Model */,
				4FC22E5028636EA500F6BEF6 /* View Model */,
				4FC22E4F28636E9500F6BEF6 /* View */,
				4F06099C2847DFBA007C2DAE /* Assets.xcassets */,
				4FB841642864EAB300141FC7 /* noice.mp3 */,
				4FB841622864EAAD00141FC7 /* swoosh.mp3 */,
				4FB841602864EAA500141FC7 /* fart.mp3 */,
				4FC0E501286A191900C635BD /* woosh.mp3 */,
				4FC0E503286A1A3E00C635BD /* tacoBell.mp3 */,
				4FC0E505286A1B7D00C635BD /* paperFlip.mp3 */,
				4FC0E507286A1C5A00C635BD /* ding.mp3 */,
				4FA16667287496B200E9F6BF /* shuffle.mp3 */,
				4FA16669287497E500E9F6BF /* shuffle2.mp3 */,
				4FA1666B28749BB700E9F6BF /* swoosh2.mp3 */,
				4FA1666D2874AF6A00E9F6BF /* yayying.mp3 */,
				4FA1666F2874AFFA00E9F6BF /* suck.mp3 */,
				4F06099E2847DFBA007C2DAE /* Preview Content */,
			);
			path = Memorize;
			sourceTree = "<group>";
		};
		4F06099E2847DFBA007C2DAE /* Preview Content */ = {
			isa = PBXGroup;
			children = (
				4F06099F2847DFBA007C2DAE /* Preview Assets.xcassets */,
			);
			path = "Preview Content";
			sourceTree = "<group>";
		};
		4FA9EBDA28638A6B006CB28F /* Extensions */ = {
			isa = PBXGroup;
			children = (
				4FA9EBDB28638A9F006CB28F /* StringToColor.swift */,
			);
			path = Extensions;
			sourceTree = "<group>";
		};
		4FC22E4F28636E9500F6BEF6 /* View */ = {
			isa = PBXGroup;
			children = (
				4FB2AB33286B764A005631A3 /* Pie.swift */,
				4F06099A2847DFB9007C2DAE /* EmojiMemoryGameView.swift */,
				4FB2AB35286B80B4005631A3 /* Cardify.swift */,
				4FB2AB31286B58B1005631A3 /* AspectVGrid.swift */,
				4F0609982847DFB9007C2DAE /* MemorizeApp.swift */,
			);
			path = View;
			sourceTree = "<group>";
		};
		4FC22E5028636EA500F6BEF6 /* View Model */ = {
			isa = PBXGroup;
			children = (
				4F30C4E3284FB6B0005FF2E3 /* EmojiMemoryGame.swift */,
				4FB8415E2864E69300141FC7 /* AudioManager.swift */,
			);
			path = "View Model";
			sourceTree = "<group>";
		};
		4FC22E5128636EB700F6BEF6 /* Model */ = {
			isa = PBXGroup;
			children = (
				4F30C4E1284FB474005FF2E3 /* MemoryGame.swift */,
				4F6DF0452857872600EE027E /* Theme.swift */,
				4FA9EBD828637679006CB28F /* ThemeMenu.swift */,
			);
			path = Model;
			sourceTree = "<group>";
		};
/* End PBXGroup section */

/* Begin PBXNativeTarget section */
		4F0609942847DFB9007C2DAE /* Memorize */ = {
			isa = PBXNativeTarget;
			buildConfigurationList = 4F0609A32847DFBA007C2DAE /* Build configuration list for PBXNativeTarget "Memorize" */;
			buildPhases = (
				4F0609912847DFB9007C2DAE /* Sources */,
				4F0609922847DFB9007C2DAE /* Frameworks */,
				4F0609932847DFB9007C2DAE /* Resources */,
			);
			buildRules = (
			);
			dependencies = (
			);
			name = Memorize;
			productName = Memorize;
			productReference = 4F0609952847DFB9007C2DAE /* Memorize.app */;
			productType = "com.apple.product-type.application";
		};
/* End PBXNativeTarget section */

/* Begin PBXProject section */
		4F06098D2847DFB8007C2DAE /* Project object */ = {
			isa = PBXProject;
			attributes = {
				BuildIndependentTargetsInParallel = 1;
				LastSwiftUpdateCheck = 1340;
				LastUpgradeCheck = 1340;
				TargetAttributes = {
					4F0609942847DFB9007C2DAE = {
						CreatedOnToolsVersion = 13.4;
					};
				};
			};
			buildConfigurationList = 4F0609902847DFB8007C2DAE /* Build configuration list for PBXProject "Memorize" */;
			compatibilityVersion = "Xcode 13.0";
			developmentRegion = en;
			hasScannedForEncodings = 0;
			knownRegions = (
				en,
				Base,
			);
			mainGroup = 4F06098C2847DFB8007C2DAE;
			productRefGroup = 4F0609962847DFB9007C2DAE /* Products */;
			projectDirPath = "";
			projectRoot = "";
			targets = (
				4F0609942847DFB9007C2DAE /* Memorize */,
			);
		};
/* End PBXProject section */

/* Begin PBXResourcesBuildPhase section */
		4F0609932847DFB9007C2DAE /* Resources */ = {
			isa = PBXResourcesBuildPhase;
			buildActionMask = 2147483647;
			files = (
				4FA166702874AFFA00E9F6BF /* suck.mp3 in Resources */,
				4FC0E504286A1A3E00C635BD /* tacoBell.mp3 in Resources */,
				4F0609A02847DFBA007C2DAE /* Preview Assets.xcassets in Resources */,
				4FA1666C28749BB700E9F6BF /* swoosh2.mp3 in Resources */,
				4FC0E508286A1C5A00C635BD /* ding.mp3 in Resources */,
				4FC0E502286A191900C635BD /* woosh.mp3 in Resources */,
				4F06099D2847DFBA007C2DAE /* Assets.xcassets in Resources */,
				4FB841612864EAA500141FC7 /* fart.mp3 in Resources */,
				4FA16668287496B200E9F6BF /* shuffle.mp3 in Resources */,
				4FB841652864EAB300141FC7 /* noice.mp3 in Resources */,
				4FC0E506286A1B7D00C635BD /* paperFlip.mp3 in Resources */,
				4FB841632864EAAD00141FC7 /* swoosh.mp3 in Resources */,
				4FA1666E2874AF6A00E9F6BF /* yayying.mp3 in Resources */,
				4FA1666A287497E500E9F6BF /* shuffle2.mp3 in Resources */,
			);
			runOnlyForDeploymentPostprocessing = 0;
		};
/* End PBXResourcesBuildPhase section */

/* Begin PBXSourcesBuildPhase section */
		4F0609912847DFB9007C2DAE /* Sources */ = {
			isa = PBXSourcesBuildPhase;
			buildActionMask = 2147483647;
			files = (
				4FB2AB36286B80B4005631A3 /* Cardify.swift in Sources */,
				4FB2AB34286B764A005631A3 /* Pie.swift in Sources */,
				4FA9EBD928637679006CB28F /* ThemeMenu.swift in Sources */,
				4F30C4E2284FB474005FF2E3 /* MemoryGame.swift in Sources */,
				4FB8415F2864E69300141FC7 /* AudioManager.swift in Sources */,
				4F06099B2847DFB9007C2DAE /* EmojiMemoryGameView.swift in Sources */,
				4F6DF0462857872600EE027E /* Theme.swift in Sources */,
				4F0609992847DFB9007C2DAE /* MemorizeApp.swift in Sources */,
				4F30C4E4284FB6B0005FF2E3 /* EmojiMemoryGame.swift in Sources */,
				4FA9EBDC28638A9F006CB28F /* StringToColor.swift in Sources */,
				4FB2AB32286B58B1005631A3 /* AspectVGrid.swift in Sources */,
			);
			runOnlyForDeploymentPostprocessing = 0;
		};
/* End PBXSourcesBuildPhase section */

/* Begin XCBuildConfiguration section */
		4F0609A12847DFBA007C2DAE /* Debug */ = {
			isa = XCBuildConfiguration;
			buildSettings = {
				ALWAYS_SEARCH_USER_PATHS = NO;
				CLANG_ANALYZER_NONNULL = YES;
				CLANG_ANALYZER_NUMBER_OBJECT_CONVERSION = YES_AGGRESSIVE;
				CLANG_CXX_LANGUAGE_STANDARD = "gnu++17";
				CLANG_ENABLE_MODULES = YES;
				CLANG_ENABLE_OBJC_ARC = YES;
				CLANG_ENABLE_OBJC_WEAK = YES;
				CLANG_WARN_BLOCK_CAPTURE_AUTORELEASING = YES;
				CLANG_WARN_BOOL_CONVERSION = YES;
				CLANG_WARN_COMMA = YES;
				CLANG_WARN_CONSTANT_CONVERSION = YES;
				CLANG_WARN_DEPRECATED_OBJC_IMPLEMENTATIONS = YES;
				CLANG_WARN_DIRECT_OBJC_ISA_USAGE = YES_ERROR;
				CLANG_WARN_DOCUMENTATION_COMMENTS = YES;
				CLANG_WARN_EMPTY_BODY = YES;
				CLANG_WARN_ENUM_CONVERSION = YES;
				CLANG_WARN_INFINITE_RECURSION = YES;
				CLANG_WARN_INT_CONVERSION = YES;
				CLANG_WARN_NON_LITERAL_NULL_CONVERSION = YES;
				CLANG_WARN_OBJC_IMPLICIT_RETAIN_SELF = YES;
				CLANG_WARN_OBJC_LITERAL_CONVERSION = YES;
				CLANG_WARN_OBJC_ROOT_CLASS = YES_ERROR;
				CLANG_WARN_QUOTED_INCLUDE_IN_FRAMEWORK_HEADER = YES;
				CLANG_WARN_RANGE_LOOP_ANALYSIS = YES;
				CLANG_WARN_STRICT_PROTOTYPES = YES;
				CLANG_WARN_SUSPICIOUS_MOVE = YES;
				CLANG_WARN_UNGUARDED_AVAILABILITY = YES_AGGRESSIVE;
				CLANG_WARN_UNREACHABLE_CODE = YES;
				CLANG_WARN__DUPLICATE_METHOD_MATCH = YES;
				COPY_PHASE_STRIP = NO;
				DEBUG_INFORMATION_FORMAT = dwarf;
				ENABLE_STRICT_OBJC_MSGSEND = YES;
				ENABLE_TESTABILITY = YES;
				GCC_C_LANGUAGE_STANDARD = gnu11;
				GCC_DYNAMIC_NO_PIC = NO;
				GCC_NO_COMMON_BLOCKS = YES;
				GCC_OPTIMIZATION_LEVEL = 0;
				GCC_PREPROCESSOR_DEFINITIONS = (
					"DEBUG=1",
					"$(inherited)",
				);
				GCC_WARN_64_TO_32_BIT_CONVERSION = YES;
				GCC_WARN_ABOUT_RETURN_TYPE = YES_ERROR;
				GCC_WARN_UNDECLARED_SELECTOR = YES;
				GCC_WARN_UNINITIALIZED_AUTOS = YES_AGGRESSIVE;
				GCC_WARN_UNUSED_FUNCTION = YES;
				GCC_WARN_UNUSED_VARIABLE = YES;
				IPHONEOS_DEPLOYMENT_TARGET = 15.5;
				MTL_ENABLE_DEBUG_INFO = INCLUDE_SOURCE;
				MTL_FAST_MATH = YES;
				ONLY_ACTIVE_ARCH = YES;
				SDKROOT = iphoneos;
				SWIFT_ACTIVE_COMPILATION_CONDITIONS = DEBUG;
				SWIFT_OPTIMIZATION_LEVEL = "-Onone";
			};
			name = Debug;
		};
		4F0609A22847DFBA007C2DAE /* Release */ = {
			isa = XCBuildConfiguration;
			buildSettings = {
				ALWAYS_SEARCH_USER_PATHS = NO;
				CLANG_ANALYZER_NONNULL = YES;
				CLANG_ANALYZER_NUMBER_OBJECT_CONVERSION = YES_AGGRESSIVE;
				CLANG_CXX_LANGUAGE_STANDARD = "gnu++17";
				CLANG_ENABLE_MODULES = YES;
				CLANG_ENABLE_OBJC_ARC = YES;
				CLANG_ENABLE_OBJC_WEAK = YES;
				CLANG_WARN_BLOCK_CAPTURE_AUTORELEASING = YES;
				CLANG_WARN_BOOL_CONVERSION = YES;
				CLANG_WARN_COMMA = YES;
				CLANG_WARN_CONSTANT_CONVERSION = YES;
				CLANG_WARN_DEPRECATED_OBJC_IMPLEMENTATIONS = YES;
				CLANG_WARN_DIRECT_OBJC_ISA_USAGE = YES_ERROR;
				CLANG_WARN_DOCUMENTATION_COMMENTS = YES;
				CLANG_WARN_EMPTY_BODY = YES;
				CLANG_WARN_ENUM_CONVERSION = YES;
				CLANG_WARN_INFINITE_RECURSION = YES;
				CLANG_WARN_INT_CONVERSION = YES;
				CLANG_WARN_NON_LITERAL_NULL_CONVERSION = YES;
				CLANG_WARN_OBJC_IMPLICIT_RETAIN_SELF = YES;
				CLANG_WARN_OBJC_LITERAL_CONVERSION = YES;
				CLANG_WARN_OBJC_ROOT_CLASS = YES_ERROR;
				CLANG_WARN_QUOTED_INCLUDE_IN_FRAMEWORK_HEADER = YES;
				CLANG_WARN_RANGE_LOOP_ANALYSIS = YES;
				CLANG_WARN_STRICT_PROTOTYPES = YES;
				CLANG_WARN_SUSPICIOUS_MOVE = YES;
				CLANG_WARN_UNGUARDED_AVAILABILITY = YES_AGGRESSIVE;
				CLANG_WARN_UNREACHABLE_CODE = YES;
				CLANG_WARN__DUPLICATE_METHOD_MATCH = YES;
				COPY_PHASE_STRIP = NO;
				DEBUG_INFORMATION_FORMAT = "dwarf-with-dsym";
				ENABLE_NS_ASSERTIONS = NO;
				ENABLE_STRICT_OBJC_MSGSEND = YES;
				GCC_C_LANGUAGE_STANDARD = gnu11;
				GCC_NO_COMMON_BLOCKS = YES;
				GCC_WARN_64_TO_32_BIT_CONVERSION = YES;
				GCC_WARN_ABOUT_RETURN_TYPE = YES_ERROR;
				GCC_WARN_UNDECLARED_SELECTOR = YES;
				GCC_WARN_UNINITIALIZED_AUTOS = YES_AGGRESSIVE;
				GCC_WARN_UNUSED_FUNCTION = YES;
				GCC_WARN_UNUSED_VARIABLE = YES;
				IPHONEOS_DEPLOYMENT_TARGET = 15.5;
				MTL_ENABLE_DEBUG_INFO = NO;
				MTL_FAST_MATH = YES;
				SDKROOT = iphoneos;
				SWIFT_COMPILATION_MODE = wholemodule;
				SWIFT_OPTIMIZATION_LEVEL = "-O";
				VALIDATE_PRODUCT = YES;
			};
			name = Release;
		};
		4F0609A42847DFBA007C2DAE /* Debug */ = {
			isa = XCBuildConfiguration;
			buildSettings = {
				ASSETCATALOG_COMPILER_APPICON_NAME = AppIcon;
				ASSETCATALOG_COMPILER_GLOBAL_ACCENT_COLOR_NAME = AccentColor;
				CODE_SIGN_STYLE = Automatic;
				CURRENT_PROJECT_VERSION = 1;
				DEVELOPMENT_ASSET_PATHS = "\"Memorize/Preview Content\"";
				DEVELOPMENT_TEAM = S7DK3A6HH3;
				ENABLE_PREVIEWS = YES;
				GENERATE_INFOPLIST_FILE = YES;
				INFOPLIST_KEY_UIApplicationSceneManifest_Generation = YES;
				INFOPLIST_KEY_UIApplicationSupportsIndirectInputEvents = YES;
				INFOPLIST_KEY_UILaunchScreen_Generation = YES;
				INFOPLIST_KEY_UISupportedInterfaceOrientations_iPad = "UIInterfaceOrientationPortrait UIInterfaceOrientationPortraitUpsideDown UIInterfaceOrientationLandscapeLeft UIInterfaceOrientationLandscapeRight";
				INFOPLIST_KEY_UISupportedInterfaceOrientations_iPhone = "UIInterfaceOrientationPortrait UIInterfaceOrientationLandscapeLeft UIInterfaceOrientationLandscapeRight";
				LD_RUNPATH_SEARCH_PATHS = (
					"$(inherited)",
					"@executable_path/Frameworks",
				);
				MARKETING_VERSION = 1.0;
				PRODUCT_BUNDLE_IDENTIFIER = edu.dixietech.rhettl.Memorize;
				PRODUCT_NAME = "$(TARGET_NAME)";
				SWIFT_EMIT_LOC_STRINGS = YES;
				SWIFT_VERSION = 5.0;
				TARGETED_DEVICE_FAMILY = "1,2";
			};
			name = Debug;
		};
		4F0609A52847DFBA007C2DAE /* Release */ = {
			isa = XCBuildConfiguration;
			buildSettings = {
				ASSETCATALOG_COMPILER_APPICON_NAME = AppIcon;
				ASSETCATALOG_COMPILER_GLOBAL_ACCENT_COLOR_NAME = AccentColor;
				CODE_SIGN_STYLE = Automatic;
				CURRENT_PROJECT_VERSION = 1;
				DEVELOPMENT_ASSET_PATHS = "\"Memorize/Preview Content\"";
				DEVELOPMENT_TEAM = S7DK3A6HH3;
				ENABLE_PREVIEWS = YES;
				GENERATE_INFOPLIST_FILE = YES;
				INFOPLIST_KEY_UIApplicationSceneManifest_Generation = YES;
				INFOPLIST_KEY_UIApplicationSupportsIndirectInputEvents = YES;
				INFOPLIST_KEY_UILaunchScreen_Generation = YES;
				INFOPLIST_KEY_UISupportedInterfaceOrientations_iPad = "UIInterfaceOrientationPortrait UIInterfaceOrientationPortraitUpsideDown UIInterfaceOrientationLandscapeLeft UIInterfaceOrientationLandscapeRight";
				INFOPLIST_KEY_UISupportedInterfaceOrientations_iPhone = "UIInterfaceOrientationPortrait UIInterfaceOrientationLandscapeLeft UIInterfaceOrientationLandscapeRight";
				LD_RUNPATH_SEARCH_PATHS = (
					"$(inherited)",
					"@executable_path/Frameworks",
				);
				MARKETING_VERSION = 1.0;
				PRODUCT_BUNDLE_IDENTIFIER = edu.dixietech.rhettl.Memorize;
				PRODUCT_NAME = "$(TARGET_NAME)";
				SWIFT_EMIT_LOC_STRINGS = YES;
				SWIFT_VERSION = 5.0;
				TARGETED_DEVICE_FAMILY = "1,2";
			};
			name = Release;
		};
/* End XCBuildConfiguration section */

/* Begin XCConfigurationList section */
		4F0609902847DFB8007C2DAE /* Build configuration list for PBXProject "Memorize" */ = {
			isa = XCConfigurationList;
			buildConfigurations = (
				4F0609A12847DFBA007C2DAE /* Debug */,
				4F0609A22847DFBA007C2DAE /* Release */,
			);
			defaultConfigurationIsVisible = 0;
			defaultConfigurationName = Release;
		};
		4F0609A32847DFBA007C2DAE /* Build configuration list for PBXNativeTarget "Memorize" */ = {
			isa = XCConfigurationList;
			buildConfigurations = (
				4F0609A42847DFBA007C2DAE /* Debug */,
				4F0609A52847DFBA007C2DAE /* Release */,
			);
			defaultConfigurationIsVisible = 0;
			defaultConfigurationName = Release;
		};
/* End XCConfigurationList section */
	};
	rootObject = 4F06098D2847DFB8007C2DAE /* Project object */;
}
